
Microsoft Visual Studio Solution File, Format Version 12.00
# Visual Studio 15
VisualStudioVersion = 15.0.26228.9
MinimumVisualStudioVersion = 10.0.40219.1
Project("{2150E333-8FDC-42A3-9474-1A3956D46DE8}") = "Application", "Application", "{FB21CCE7-A19F-4EC2-93A7-D2988FAE362B}"
EndProject
Project("{2150E333-8FDC-42A3-9474-1A3956D46DE8}") = "Solution Items", "Solution Items", "{31A1CAA2-A4F2-409F-9246-97B7DAB5A2D3}"
	ProjectSection(SolutionItems) = preProject
		.editorconfig = .editorconfig
		NuGet.config = NuGet.config
	EndProjectSection
EndProject
Project("{2150E333-8FDC-42A3-9474-1A3956D46DE8}") = "QualityAssurance", "QualityAssurance", "{70340E78-4967-44A3-9BF4-E19A5ABAD69A}"
EndProject
Project("{2150E333-8FDC-42A3-9474-1A3956D46DE8}") = "Common", "Common", "{7B944F6D-59A5-45DA-B02F-65F384302D8A}"
EndProject
Project("{FAE04EC0-301F-11D3-BF4B-00C04F79EFBC}") = "HexaDot.ScenarioTest", "QualityAssurance\HexaDot.ScenarioTest\HexaDot.ScenarioTest.csproj", "{705A5AE6-FEE4-406E-A586-741080C6B877}"
EndProject
Project("{FAE04EC0-301F-11D3-BF4B-00C04F79EFBC}") = "HexaDot.UnitTest", "QualityAssurance\HexaDot.UnitTest\HexaDot.UnitTest.csproj", "{3E5A0D55-E41D-4EFE-A418-FA495CB02F98}"
EndProject
Project("{262852C6-CD72-467D-83FE-5EEB1973A190}") = "HexaDot.Mobile", "Application\HexaDot.Mobile\HexaDot.Mobile.jsproj", "{3C80FE25-6AAF-4027-AD42-4A092F5A1345}"
EndProject
Project("{9A19103F-16F7-4668-BE54-9A1E7A4F7556}") = "HexaDot.Core", "Common\HexaDot.Core\HexaDot.Core.csproj", "{9E3CA204-1770-4841-A327-69A77B299202}"
EndProject
Project("{9A19103F-16F7-4668-BE54-9A1E7A4F7556}") = "HexaDot.Data", "Common\HexaDot.Data\HexaDot.Data.csproj", "{AF5372B8-54BF-4D77-80B4-409F456F00ED}"
EndProject
Project("{9A19103F-16F7-4668-BE54-9A1E7A4F7556}") = "HexaDot.Features", "Common\HexaDot.Features\HexaDot.Features.csproj", "{BA8B2C4C-8AE0-4A4A-B082-B1AEA7CC80F3}"
EndProject
Project("{9A19103F-16F7-4668-BE54-9A1E7A4F7556}") = "HexaDot.Web", "Application\HexaDot.Web\HexaDot.Web.csproj", "{EA980F79-45FD-4962-986D-0B71CDB6FB67}"
EndProject
Global
	GlobalSection(SolutionConfigurationPlatforms) = preSolution
		Debug|Android = Debug|Android
		Debug|Any CPU = Debug|Any CPU
		Debug|iOS = Debug|iOS
		Debug|Windows Phone (Universal) = Debug|Windows Phone (Universal)
		Debug|Windows Phone 8 = Debug|Windows Phone 8
		Debug|Windows-AnyCPU = Debug|Windows-AnyCPU
		Debug|Windows-ARM = Debug|Windows-ARM
		Debug|Windows-x64 = Debug|Windows-x64
		Debug|Windows-x86 = Debug|Windows-x86
		Release|Android = Release|Android
		Release|Any CPU = Release|Any CPU
		Release|iOS = Release|iOS
		Release|Windows Phone (Universal) = Release|Windows Phone (Universal)
		Release|Windows Phone 8 = Release|Windows Phone 8
		Release|Windows-AnyCPU = Release|Windows-AnyCPU
		Release|Windows-ARM = Release|Windows-ARM
		Release|Windows-x64 = Release|Windows-x64
		Release|Windows-x86 = Release|Windows-x86
	EndGlobalSection
	GlobalSection(ProjectConfigurationPlatforms) = postSolution
		{705A5AE6-FEE4-406E-A586-741080C6B877}.Debug|Android.ActiveCfg = Debug|Any CPU
		{705A5AE6-FEE4-406E-A586-741080C6B877}.Debug|Android.Build.0 = Debug|Any CPU
		{705A5AE6-FEE4-406E-A586-741080C6B877}.Debug|Any CPU.ActiveCfg = Debug|Any CPU
		{705A5AE6-FEE4-406E-A586-741080C6B877}.Debug|iOS.ActiveCfg = Debug|Any CPU
		{705A5AE6-FEE4-406E-A586-741080C6B877}.Debug|iOS.Build.0 = Debug|Any CPU
		{705A5AE6-FEE4-406E-A586-741080C6B877}.Debug|Windows Phone (Universal).ActiveCfg = Debug|Any CPU
		{705A5AE6-FEE4-406E-A586-741080C6B877}.Debug|Windows Phone (Universal).Build.0 = Debug|Any CPU
		{705A5AE6-FEE4-406E-A586-741080C6B877}.Debug|Windows Phone 8.ActiveCfg = Debug|Any CPU
		{705A5AE6-FEE4-406E-A586-741080C6B877}.Debug|Windows Phone 8.Build.0 = Debug|Any CPU
		{705A5AE6-FEE4-406E-A586-741080C6B877}.Debug|Windows-AnyCPU.ActiveCfg = Debug|Any CPU
		{705A5AE6-FEE4-406E-A586-741080C6B877}.Debug|Windows-AnyCPU.Build.0 = Debug|Any CPU
		{705A5AE6-FEE4-406E-A586-741080C6B877}.Debug|Windows-ARM.ActiveCfg = Debug|Any CPU
		{705A5AE6-FEE4-406E-A586-741080C6B877}.Debug|Windows-ARM.Build.0 = Debug|Any CPU
		{705A5AE6-FEE4-406E-A586-741080C6B877}.Debug|Windows-x64.ActiveCfg = Debug|Any CPU
		{705A5AE6-FEE4-406E-A586-741080C6B877}.Debug|Windows-x64.Build.0 = Debug|Any CPU
		{705A5AE6-FEE4-406E-A586-741080C6B877}.Debug|Windows-x86.ActiveCfg = Debug|Any CPU
		{705A5AE6-FEE4-406E-A586-741080C6B877}.Debug|Windows-x86.Build.0 = Debug|Any CPU
		{705A5AE6-FEE4-406E-A586-741080C6B877}.Release|Android.ActiveCfg = Release|Any CPU
		{705A5AE6-FEE4-406E-A586-741080C6B877}.Release|Android.Build.0 = Release|Any CPU
		{705A5AE6-FEE4-406E-A586-741080C6B877}.Release|Any CPU.ActiveCfg = Release|Any CPU
		{705A5AE6-FEE4-406E-A586-741080C6B877}.Release|Any CPU.Build.0 = Release|Any CPU
		{705A5AE6-FEE4-406E-A586-741080C6B877}.Release|iOS.ActiveCfg = Release|Any CPU
		{705A5AE6-FEE4-406E-A586-741080C6B877}.Release|iOS.Build.0 = Release|Any CPU
		{705A5AE6-FEE4-406E-A586-741080C6B877}.Release|Windows Phone (Universal).ActiveCfg = Release|Any CPU
		{705A5AE6-FEE4-406E-A586-741080C6B877}.Release|Windows Phone (Universal).Build.0 = Release|Any CPU
		{705A5AE6-FEE4-406E-A586-741080C6B877}.Release|Windows Phone 8.ActiveCfg = Release|Any CPU
		{705A5AE6-FEE4-406E-A586-741080C6B877}.Release|Windows Phone 8.Build.0 = Release|Any CPU
		{705A5AE6-FEE4-406E-A586-741080C6B877}.Release|Windows-AnyCPU.ActiveCfg = Release|Any CPU
		{705A5AE6-FEE4-406E-A586-741080C6B877}.Release|Windows-AnyCPU.Build.0 = Release|Any CPU
		{705A5AE6-FEE4-406E-A586-741080C6B877}.Release|Windows-ARM.ActiveCfg = Release|Any CPU
		{705A5AE6-FEE4-406E-A586-741080C6B877}.Release|Windows-ARM.Build.0 = Release|Any CPU
		{705A5AE6-FEE4-406E-A586-741080C6B877}.Release|Windows-x64.ActiveCfg = Release|Any CPU
		{705A5AE6-FEE4-406E-A586-741080C6B877}.Release|Windows-x64.Build.0 = Release|Any CPU
		{705A5AE6-FEE4-406E-A586-741080C6B877}.Release|Windows-x86.ActiveCfg = Release|Any CPU
		{705A5AE6-FEE4-406E-A586-741080C6B877}.Release|Windows-x86.Build.0 = Release|Any CPU
		{3E5A0D55-E41D-4EFE-A418-FA495CB02F98}.Debug|Android.ActiveCfg = Debug|Any CPU
		{3E5A0D55-E41D-4EFE-A418-FA495CB02F98}.Debug|Android.Build.0 = Debug|Any CPU
		{3E5A0D55-E41D-4EFE-A418-FA495CB02F98}.Debug|Any CPU.ActiveCfg = Debug|Any CPU
		{3E5A0D55-E41D-4EFE-A418-FA495CB02F98}.Debug|iOS.ActiveCfg = Debug|Any CPU
		{3E5A0D55-E41D-4EFE-A418-FA495CB02F98}.Debug|iOS.Build.0 = Debug|Any CPU
		{3E5A0D55-E41D-4EFE-A418-FA495CB02F98}.Debug|Windows Phone (Universal).ActiveCfg = Debug|Any CPU
		{3E5A0D55-E41D-4EFE-A418-FA495CB02F98}.Debug|Windows Phone (Universal).Build.0 = Debug|Any CPU
		{3E5A0D55-E41D-4EFE-A418-FA495CB02F98}.Debug|Windows Phone 8.ActiveCfg = Debug|Any CPU
		{3E5A0D55-E41D-4EFE-A418-FA495CB02F98}.Debug|Windows Phone 8.Build.0 = Debug|Any CPU
		{3E5A0D55-E41D-4EFE-A418-FA495CB02F98}.Debug|Windows-AnyCPU.ActiveCfg = Debug|Any CPU
		{3E5A0D55-E41D-4EFE-A418-FA495CB02F98}.Debug|Windows-AnyCPU.Build.0 = Debug|Any CPU
		{3E5A0D55-E41D-4EFE-A418-FA495CB02F98}.Debug|Windows-ARM.ActiveCfg = Debug|Any CPU
		{3E5A0D55-E41D-4EFE-A418-FA495CB02F98}.Debug|Windows-ARM.Build.0 = Debug|Any CPU
		{3E5A0D55-E41D-4EFE-A418-FA495CB02F98}.Debug|Windows-x64.ActiveCfg = Debug|Any CPU
		{3E5A0D55-E41D-4EFE-A418-FA495CB02F98}.Debug|Windows-x64.Build.0 = Debug|Any CPU
		{3E5A0D55-E41D-4EFE-A418-FA495CB02F98}.Debug|Windows-x86.ActiveCfg = Debug|Any CPU
		{3E5A0D55-E41D-4EFE-A418-FA495CB02F98}.Debug|Windows-x86.Build.0 = Debug|Any CPU
		{3E5A0D55-E41D-4EFE-A418-FA495CB02F98}.Release|Android.ActiveCfg = Release|Any CPU
		{3E5A0D55-E41D-4EFE-A418-FA495CB02F98}.Release|Android.Build.0 = Release|Any CPU
		{3E5A0D55-E41D-4EFE-A418-FA495CB02F98}.Release|Any CPU.ActiveCfg = Release|Any CPU
		{3E5A0D55-E41D-4EFE-A418-FA495CB02F98}.Release|Any CPU.Build.0 = Release|Any CPU
		{3E5A0D55-E41D-4EFE-A418-FA495CB02F98}.Release|iOS.ActiveCfg = Release|Any CPU
		{3E5A0D55-E41D-4EFE-A418-FA495CB02F98}.Release|iOS.Build.0 = Release|Any CPU
		{3E5A0D55-E41D-4EFE-A418-FA495CB02F98}.Release|Windows Phone (Universal).ActiveCfg = Release|Any CPU
		{3E5A0D55-E41D-4EFE-A418-FA495CB02F98}.Release|Windows Phone (Universal).Build.0 = Release|Any CPU
		{3E5A0D55-E41D-4EFE-A418-FA495CB02F98}.Release|Windows Phone 8.ActiveCfg = Release|Any CPU
		{3E5A0D55-E41D-4EFE-A418-FA495CB02F98}.Release|Windows Phone 8.Build.0 = Release|Any CPU
		{3E5A0D55-E41D-4EFE-A418-FA495CB02F98}.Release|Windows-AnyCPU.ActiveCfg = Release|Any CPU
		{3E5A0D55-E41D-4EFE-A418-FA495CB02F98}.Release|Windows-AnyCPU.Build.0 = Release|Any CPU
		{3E5A0D55-E41D-4EFE-A418-FA495CB02F98}.Release|Windows-ARM.ActiveCfg = Release|Any CPU
		{3E5A0D55-E41D-4EFE-A418-FA495CB02F98}.Release|Windows-ARM.Build.0 = Release|Any CPU
		{3E5A0D55-E41D-4EFE-A418-FA495CB02F98}.Release|Windows-x64.ActiveCfg = Release|Any CPU
		{3E5A0D55-E41D-4EFE-A418-FA495CB02F98}.Release|Windows-x64.Build.0 = Release|Any CPU
		{3E5A0D55-E41D-4EFE-A418-FA495CB02F98}.Release|Windows-x86.ActiveCfg = Release|Any CPU
		{3E5A0D55-E41D-4EFE-A418-FA495CB02F98}.Release|Windows-x86.Build.0 = Release|Any CPU
		{3C80FE25-6AAF-4027-AD42-4A092F5A1345}.Debug|Android.ActiveCfg = Debug|Android
		{3C80FE25-6AAF-4027-AD42-4A092F5A1345}.Debug|Android.Build.0 = Debug|Android
		{3C80FE25-6AAF-4027-AD42-4A092F5A1345}.Debug|Android.Deploy.0 = Debug|Android
		{3C80FE25-6AAF-4027-AD42-4A092F5A1345}.Debug|Any CPU.ActiveCfg = Debug|Android
		{3C80FE25-6AAF-4027-AD42-4A092F5A1345}.Debug|iOS.ActiveCfg = Debug|iOS
		{3C80FE25-6AAF-4027-AD42-4A092F5A1345}.Debug|iOS.Build.0 = Debug|iOS
		{3C80FE25-6AAF-4027-AD42-4A092F5A1345}.Debug|iOS.Deploy.0 = Debug|iOS
		{3C80FE25-6AAF-4027-AD42-4A092F5A1345}.Debug|Windows Phone (Universal).ActiveCfg = Debug|Windows Phone (Universal)
		{3C80FE25-6AAF-4027-AD42-4A092F5A1345}.Debug|Windows Phone (Universal).Build.0 = Debug|Windows Phone (Universal)
		{3C80FE25-6AAF-4027-AD42-4A092F5A1345}.Debug|Windows Phone (Universal).Deploy.0 = Debug|Windows Phone (Universal)
		{3C80FE25-6AAF-4027-AD42-4A092F5A1345}.Debug|Windows Phone 8.ActiveCfg = Debug|Windows Phone 8
		{3C80FE25-6AAF-4027-AD42-4A092F5A1345}.Debug|Windows Phone 8.Build.0 = Debug|Windows Phone 8
		{3C80FE25-6AAF-4027-AD42-4A092F5A1345}.Debug|Windows Phone 8.Deploy.0 = Debug|Windows Phone 8
		{3C80FE25-6AAF-4027-AD42-4A092F5A1345}.Debug|Windows-AnyCPU.ActiveCfg = Debug|Windows-AnyCPU
		{3C80FE25-6AAF-4027-AD42-4A092F5A1345}.Debug|Windows-AnyCPU.Build.0 = Debug|Windows-AnyCPU
		{3C80FE25-6AAF-4027-AD42-4A092F5A1345}.Debug|Windows-AnyCPU.Deploy.0 = Debug|Windows-AnyCPU
		{3C80FE25-6AAF-4027-AD42-4A092F5A1345}.Debug|Windows-ARM.ActiveCfg = Debug|Windows-ARM
		{3C80FE25-6AAF-4027-AD42-4A092F5A1345}.Debug|Windows-ARM.Build.0 = Debug|Windows-ARM
		{3C80FE25-6AAF-4027-AD42-4A092F5A1345}.Debug|Windows-ARM.Deploy.0 = Debug|Windows-ARM
		{3C80FE25-6AAF-4027-AD42-4A092F5A1345}.Debug|Windows-x64.ActiveCfg = Debug|Windows-x64
		{3C80FE25-6AAF-4027-AD42-4A092F5A1345}.Debug|Windows-x64.Build.0 = Debug|Windows-x64
		{3C80FE25-6AAF-4027-AD42-4A092F5A1345}.Debug|Windows-x64.Deploy.0 = Debug|Windows-x64
		{3C80FE25-6AAF-4027-AD42-4A092F5A1345}.Debug|Windows-x86.ActiveCfg = Debug|Windows-x86
		{3C80FE25-6AAF-4027-AD42-4A092F5A1345}.Debug|Windows-x86.Build.0 = Debug|Windows-x86
		{3C80FE25-6AAF-4027-AD42-4A092F5A1345}.Debug|Windows-x86.Deploy.0 = Debug|Windows-x86
		{3C80FE25-6AAF-4027-AD42-4A092F5A1345}.Release|Android.ActiveCfg = Release|Android
		{3C80FE25-6AAF-4027-AD42-4A092F5A1345}.Release|Android.Build.0 = Release|Android
		{3C80FE25-6AAF-4027-AD42-4A092F5A1345}.Release|Android.Deploy.0 = Release|Android
		{3C80FE25-6AAF-4027-AD42-4A092F5A1345}.Release|Any CPU.ActiveCfg = Release|Android
		{3C80FE25-6AAF-4027-AD42-4A092F5A1345}.Release|iOS.ActiveCfg = Release|iOS
		{3C80FE25-6AAF-4027-AD42-4A092F5A1345}.Release|iOS.Build.0 = Release|iOS
		{3C80FE25-6AAF-4027-AD42-4A092F5A1345}.Release|iOS.Deploy.0 = Release|iOS
		{3C80FE25-6AAF-4027-AD42-4A092F5A1345}.Release|Windows Phone (Universal).ActiveCfg = Release|Windows Phone (Universal)
		{3C80FE25-6AAF-4027-AD42-4A092F5A1345}.Release|Windows Phone (Universal).Build.0 = Release|Windows Phone (Universal)
		{3C80FE25-6AAF-4027-AD42-4A092F5A1345}.Release|Windows Phone (Universal).Deploy.0 = Release|Windows Phone (Universal)
		{3C80FE25-6AAF-4027-AD42-4A092F5A1345}.Release|Windows Phone 8.ActiveCfg = Release|Windows Phone 8
		{3C80FE25-6AAF-4027-AD42-4A092F5A1345}.Release|Windows Phone 8.Build.0 = Release|Windows Phone 8
		{3C80FE25-6AAF-4027-AD42-4A092F5A1345}.Release|Windows Phone 8.Deploy.0 = Release|Windows Phone 8
		{3C80FE25-6AAF-4027-AD42-4A092F5A1345}.Release|Windows-AnyCPU.ActiveCfg = Release|Windows-AnyCPU
		{3C80FE25-6AAF-4027-AD42-4A092F5A1345}.Release|Windows-AnyCPU.Build.0 = Release|Windows-AnyCPU
		{3C80FE25-6AAF-4027-AD42-4A092F5A1345}.Release|Windows-AnyCPU.Deploy.0 = Release|Windows-AnyCPU
		{3C80FE25-6AAF-4027-AD42-4A092F5A1345}.Release|Windows-ARM.ActiveCfg = Release|Windows-ARM
		{3C80FE25-6AAF-4027-AD42-4A092F5A1345}.Release|Windows-ARM.Build.0 = Release|Windows-ARM
		{3C80FE25-6AAF-4027-AD42-4A092F5A1345}.Release|Windows-ARM.Deploy.0 = Release|Windows-ARM
		{3C80FE25-6AAF-4027-AD42-4A092F5A1345}.Release|Windows-x64.ActiveCfg = Release|Windows-x64
		{3C80FE25-6AAF-4027-AD42-4A092F5A1345}.Release|Windows-x64.Build.0 = Release|Windows-x64
		{3C80FE25-6AAF-4027-AD42-4A092F5A1345}.Release|Windows-x64.Deploy.0 = Release|Windows-x64
		{3C80FE25-6AAF-4027-AD42-4A092F5A1345}.Release|Windows-x86.ActiveCfg = Release|Windows-x86
		{3C80FE25-6AAF-4027-AD42-4A092F5A1345}.Release|Windows-x86.Build.0 = Release|Windows-x86
		{3C80FE25-6AAF-4027-AD42-4A092F5A1345}.Release|Windows-x86.Deploy.0 = Release|Windows-x86
		{9E3CA204-1770-4841-A327-69A77B299202}.Debug|Android.ActiveCfg = Debug|Any CPU
		{9E3CA204-1770-4841-A327-69A77B299202}.Debug|Android.Build.0 = Debug|Any CPU
		{9E3CA204-1770-4841-A327-69A77B299202}.Debug|Any CPU.ActiveCfg = Debug|Any CPU
		{9E3CA204-1770-4841-A327-69A77B299202}.Debug|Any CPU.Build.0 = Debug|Any CPU
		{9E3CA204-1770-4841-A327-69A77B299202}.Debug|iOS.ActiveCfg = Debug|Any CPU
		{9E3CA204-1770-4841-A327-69A77B299202}.Debug|iOS.Build.0 = Debug|Any CPU
		{9E3CA204-1770-4841-A327-69A77B299202}.Debug|Windows Phone (Universal).ActiveCfg = Debug|Any CPU
		{9E3CA204-1770-4841-A327-69A77B299202}.Debug|Windows Phone (Universal).Build.0 = Debug|Any CPU
		{9E3CA204-1770-4841-A327-69A77B299202}.Debug|Windows Phone 8.ActiveCfg = Debug|Any CPU
		{9E3CA204-1770-4841-A327-69A77B299202}.Debug|Windows Phone 8.Build.0 = Debug|Any CPU
		{9E3CA204-1770-4841-A327-69A77B299202}.Debug|Windows-AnyCPU.ActiveCfg = Debug|Any CPU
		{9E3CA204-1770-4841-A327-69A77B299202}.Debug|Windows-AnyCPU.Build.0 = Debug|Any CPU
		{9E3CA204-1770-4841-A327-69A77B299202}.Debug|Windows-ARM.ActiveCfg = Debug|Any CPU
		{9E3CA204-1770-4841-A327-69A77B299202}.Debug|Windows-ARM.Build.0 = Debug|Any CPU
		{9E3CA204-1770-4841-A327-69A77B299202}.Debug|Windows-x64.ActiveCfg = Debug|Any CPU
		{9E3CA204-1770-4841-A327-69A77B299202}.Debug|Windows-x64.Build.0 = Debug|Any CPU
		{9E3CA204-1770-4841-A327-69A77B299202}.Debug|Windows-x86.ActiveCfg = Debug|Any CPU
		{9E3CA204-1770-4841-A327-69A77B299202}.Debug|Windows-x86.Build.0 = Debug|Any CPU
		{9E3CA204-1770-4841-A327-69A77B299202}.Release|Android.ActiveCfg = Release|Any CPU
		{9E3CA204-1770-4841-A327-69A77B299202}.Release|Android.Build.0 = Release|Any CPU
		{9E3CA204-1770-4841-A327-69A77B299202}.Release|Any CPU.ActiveCfg = Release|Any CPU
		{9E3CA204-1770-4841-A327-69A77B299202}.Release|Any CPU.Build.0 = Release|Any CPU
		{9E3CA204-1770-4841-A327-69A77B299202}.Release|iOS.ActiveCfg = Release|Any CPU
		{9E3CA204-1770-4841-A327-69A77B299202}.Release|iOS.Build.0 = Release|Any CPU
		{9E3CA204-1770-4841-A327-69A77B299202}.Release|Windows Phone (Universal).ActiveCfg = Release|Any CPU
		{9E3CA204-1770-4841-A327-69A77B299202}.Release|Windows Phone (Universal).Build.0 = Release|Any CPU
		{9E3CA204-1770-4841-A327-69A77B299202}.Release|Windows Phone 8.ActiveCfg = Release|Any CPU
		{9E3CA204-1770-4841-A327-69A77B299202}.Release|Windows Phone 8.Build.0 = Release|Any CPU
		{9E3CA204-1770-4841-A327-69A77B299202}.Release|Windows-AnyCPU.ActiveCfg = Release|Any CPU
		{9E3CA204-1770-4841-A327-69A77B299202}.Release|Windows-AnyCPU.Build.0 = Release|Any CPU
		{9E3CA204-1770-4841-A327-69A77B299202}.Release|Windows-ARM.ActiveCfg = Release|Any CPU
		{9E3CA204-1770-4841-A327-69A77B299202}.Release|Windows-ARM.Build.0 = Release|Any CPU
		{9E3CA204-1770-4841-A327-69A77B299202}.Release|Windows-x64.ActiveCfg = Release|Any CPU
		{9E3CA204-1770-4841-A327-69A77B299202}.Release|Windows-x64.Build.0 = Release|Any CPU
		{9E3CA204-1770-4841-A327-69A77B299202}.Release|Windows-x86.ActiveCfg = Release|Any CPU
		{9E3CA204-1770-4841-A327-69A77B299202}.Release|Windows-x86.Build.0 = Release|Any CPU
		{AF5372B8-54BF-4D77-80B4-409F456F00ED}.Debug|Android.ActiveCfg = Debug|Any CPU
		{AF5372B8-54BF-4D77-80B4-409F456F00ED}.Debug|Android.Build.0 = Debug|Any CPU
		{AF5372B8-54BF-4D77-80B4-409F456F00ED}.Debug|Any CPU.ActiveCfg = Debug|Any CPU
		{AF5372B8-54BF-4D77-80B4-409F456F00ED}.Debug|Any CPU.Build.0 = Debug|Any CPU
		{AF5372B8-54BF-4D77-80B4-409F456F00ED}.Debug|iOS.ActiveCfg = Debug|Any CPU
		{AF5372B8-54BF-4D77-80B4-409F456F00ED}.Debug|iOS.Build.0 = Debug|Any CPU
		{AF5372B8-54BF-4D77-80B4-409F456F00ED}.Debug|Windows Phone (Universal).ActiveCfg = Debug|Any CPU
		{AF5372B8-54BF-4D77-80B4-409F456F00ED}.Debug|Windows Phone (Universal).Build.0 = Debug|Any CPU
		{AF5372B8-54BF-4D77-80B4-409F456F00ED}.Debug|Windows Phone 8.ActiveCfg = Debug|Any CPU
		{AF5372B8-54BF-4D77-80B4-409F456F00ED}.Debug|Windows Phone 8.Build.0 = Debug|Any CPU
		{AF5372B8-54BF-4D77-80B4-409F456F00ED}.Debug|Windows-AnyCPU.ActiveCfg = Debug|Any CPU
		{AF5372B8-54BF-4D77-80B4-409F456F00ED}.Debug|Windows-AnyCPU.Build.0 = Debug|Any CPU
		{AF5372B8-54BF-4D77-80B4-409F456F00ED}.Debug|Windows-ARM.ActiveCfg = Debug|Any CPU
		{AF5372B8-54BF-4D77-80B4-409F456F00ED}.Debug|Windows-ARM.Build.0 = Debug|Any CPU
		{AF5372B8-54BF-4D77-80B4-409F456F00ED}.Debug|Windows-x64.ActiveCfg = Debug|Any CPU
		{AF5372B8-54BF-4D77-80B4-409F456F00ED}.Debug|Windows-x64.Build.0 = Debug|Any CPU
		{AF5372B8-54BF-4D77-80B4-409F456F00ED}.Debug|Windows-x86.ActiveCfg = Debug|Any CPU
		{AF5372B8-54BF-4D77-80B4-409F456F00ED}.Debug|Windows-x86.Build.0 = Debug|Any CPU
		{AF5372B8-54BF-4D77-80B4-409F456F00ED}.Release|Android.ActiveCfg = Release|Any CPU
		{AF5372B8-54BF-4D77-80B4-409F456F00ED}.Release|Android.Build.0 = Release|Any CPU
		{AF5372B8-54BF-4D77-80B4-409F456F00ED}.Release|Any CPU.ActiveCfg = Release|Any CPU
		{AF5372B8-54BF-4D77-80B4-409F456F00ED}.Release|Any CPU.Build.0 = Release|Any CPU
		{AF5372B8-54BF-4D77-80B4-409F456F00ED}.Release|iOS.ActiveCfg = Release|Any CPU
		{AF5372B8-54BF-4D77-80B4-409F456F00ED}.Release|iOS.Build.0 = Release|Any CPU
		{AF5372B8-54BF-4D77-80B4-409F456F00ED}.Release|Windows Phone (Universal).ActiveCfg = Release|Any CPU
		{AF5372B8-54BF-4D77-80B4-409F456F00ED}.Release|Windows Phone (Universal).Build.0 = Release|Any CPU
		{AF5372B8-54BF-4D77-80B4-409F456F00ED}.Release|Windows Phone 8.ActiveCfg = Release|Any CPU
		{AF5372B8-54BF-4D77-80B4-409F456F00ED}.Release|Windows Phone 8.Build.0 = Release|Any CPU
		{AF5372B8-54BF-4D77-80B4-409F456F00ED}.Release|Windows-AnyCPU.ActiveCfg = Release|Any CPU
		{AF5372B8-54BF-4D77-80B4-409F456F00ED}.Release|Windows-AnyCPU.Build.0 = Release|Any CPU
		{AF5372B8-54BF-4D77-80B4-409F456F00ED}.Release|Windows-ARM.ActiveCfg = Release|Any CPU
		{AF5372B8-54BF-4D77-80B4-409F456F00ED}.Release|Windows-ARM.Build.0 = Release|Any CPU
		{AF5372B8-54BF-4D77-80B4-409F456F00ED}.Release|Windows-x64.ActiveCfg = Release|Any CPU
		{AF5372B8-54BF-4D77-80B4-409F456F00ED}.Release|Windows-x64.Build.0 = Release|Any CPU
		{AF5372B8-54BF-4D77-80B4-409F456F00ED}.Release|Windows-x86.ActiveCfg = Release|Any CPU
		{AF5372B8-54BF-4D77-80B4-409F456F00ED}.Release|Windows-x86.Build.0 = Release|Any CPU
		{BA8B2C4C-8AE0-4A4A-B082-B1AEA7CC80F3}.Debug|Android.ActiveCfg = Debug|Any CPU
		{BA8B2C4C-8AE0-4A4A-B082-B1AEA7CC80F3}.Debug|Android.Build.0 = Debug|Any CPU
		{BA8B2C4C-8AE0-4A4A-B082-B1AEA7CC80F3}.Debug|Any CPU.ActiveCfg = Debug|Any CPU
		{BA8B2C4C-8AE0-4A4A-B082-B1AEA7CC80F3}.Debug|Any CPU.Build.0 = Debug|Any CPU
		{BA8B2C4C-8AE0-4A4A-B082-B1AEA7CC80F3}.Debug|iOS.ActiveCfg = Debug|Any CPU
		{BA8B2C4C-8AE0-4A4A-B082-B1AEA7CC80F3}.Debug|iOS.Build.0 = Debug|Any CPU
		{BA8B2C4C-8AE0-4A4A-B082-B1AEA7CC80F3}.Debug|Windows Phone (Universal).ActiveCfg = Debug|Any CPU
		{BA8B2C4C-8AE0-4A4A-B082-B1AEA7CC80F3}.Debug|Windows Phone (Universal).Build.0 = Debug|Any CPU
		{BA8B2C4C-8AE0-4A4A-B082-B1AEA7CC80F3}.Debug|Windows Phone 8.ActiveCfg = Debug|Any CPU
		{BA8B2C4C-8AE0-4A4A-B082-B1AEA7CC80F3}.Debug|Windows Phone 8.Build.0 = Debug|Any CPU
		{BA8B2C4C-8AE0-4A4A-B082-B1AEA7CC80F3}.Debug|Windows-AnyCPU.ActiveCfg = Debug|Any CPU
		{BA8B2C4C-8AE0-4A4A-B082-B1AEA7CC80F3}.Debug|Windows-AnyCPU.Build.0 = Debug|Any CPU
		{BA8B2C4C-8AE0-4A4A-B082-B1AEA7CC80F3}.Debug|Windows-ARM.ActiveCfg = Debug|Any CPU
		{BA8B2C4C-8AE0-4A4A-B082-B1AEA7CC80F3}.Debug|Windows-ARM.Build.0 = Debug|Any CPU
		{BA8B2C4C-8AE0-4A4A-B082-B1AEA7CC80F3}.Debug|Windows-x64.ActiveCfg = Debug|Any CPU
		{BA8B2C4C-8AE0-4A4A-B082-B1AEA7CC80F3}.Debug|Windows-x64.Build.0 = Debug|Any CPU
		{BA8B2C4C-8AE0-4A4A-B082-B1AEA7CC80F3}.Debug|Windows-x86.ActiveCfg = Debug|Any CPU
		{BA8B2C4C-8AE0-4A4A-B082-B1AEA7CC80F3}.Debug|Windows-x86.Build.0 = Debug|Any CPU
		{BA8B2C4C-8AE0-4A4A-B082-B1AEA7CC80F3}.Release|Android.ActiveCfg = Release|Any CPU
		{BA8B2C4C-8AE0-4A4A-B082-B1AEA7CC80F3}.Release|Android.Build.0 = Release|Any CPU
		{BA8B2C4C-8AE0-4A4A-B082-B1AEA7CC80F3}.Release|Any CPU.ActiveCfg = Release|Any CPU
		{BA8B2C4C-8AE0-4A4A-B082-B1AEA7CC80F3}.Release|Any CPU.Build.0 = Release|Any CPU
		{BA8B2C4C-8AE0-4A4A-B082-B1AEA7CC80F3}.Release|iOS.ActiveCfg = Release|Any CPU
		{BA8B2C4C-8AE0-4A4A-B082-B1AEA7CC80F3}.Release|iOS.Build.0 = Release|Any CPU
		{BA8B2C4C-8AE0-4A4A-B082-B1AEA7CC80F3}.Release|Windows Phone (Universal).ActiveCfg = Release|Any CPU
		{BA8B2C4C-8AE0-4A4A-B082-B1AEA7CC80F3}.Release|Windows Phone (Universal).Build.0 = Release|Any CPU
		{BA8B2C4C-8AE0-4A4A-B082-B1AEA7CC80F3}.Release|Windows Phone 8.ActiveCfg = Release|Any CPU
		{BA8B2C4C-8AE0-4A4A-B082-B1AEA7CC80F3}.Release|Windows Phone 8.Build.0 = Release|Any CPU
		{BA8B2C4C-8AE0-4A4A-B082-B1AEA7CC80F3}.Release|Windows-AnyCPU.ActiveCfg = Release|Any CPU
		{BA8B2C4C-8AE0-4A4A-B082-B1AEA7CC80F3}.Release|Windows-AnyCPU.Build.0 = Release|Any CPU
		{BA8B2C4C-8AE0-4A4A-B082-B1AEA7CC80F3}.Release|Windows-ARM.ActiveCfg = Release|Any CPU
		{BA8B2C4C-8AE0-4A4A-B082-B1AEA7CC80F3}.Release|Windows-ARM.Build.0 = Release|Any CPU
		{BA8B2C4C-8AE0-4A4A-B082-B1AEA7CC80F3}.Release|Windows-x64.ActiveCfg = Release|Any CPU
		{BA8B2C4C-8AE0-4A4A-B082-B1AEA7CC80F3}.Release|Windows-x64.Build.0 = Release|Any CPU
		{BA8B2C4C-8AE0-4A4A-B082-B1AEA7CC80F3}.Release|Windows-x86.ActiveCfg = Release|Any CPU
		{BA8B2C4C-8AE0-4A4A-B082-B1AEA7CC80F3}.Release|Windows-x86.Build.0 = Release|Any CPU
		{EA980F79-45FD-4962-986D-0B71CDB6FB67}.Debug|Android.ActiveCfg = Debug|Any CPU
		{EA980F79-45FD-4962-986D-0B71CDB6FB67}.Debug|Android.Build.0 = Debug|Any CPU
		{EA980F79-45FD-4962-986D-0B71CDB6FB67}.Debug|Any CPU.ActiveCfg = Debug|Any CPU
		{EA980F79-45FD-4962-986D-0B71CDB6FB67}.Debug|Any CPU.Build.0 = Debug|Any CPU
		{EA980F79-45FD-4962-986D-0B71CDB6FB67}.Debug|iOS.ActiveCfg = Debug|Any CPU
		{EA980F79-45FD-4962-986D-0B71CDB6FB67}.Debug|iOS.Build.0 = Debug|Any CPU
		{EA980F79-45FD-4962-986D-0B71CDB6FB67}.Debug|Windows Phone (Universal).ActiveCfg = Debug|Any CPU
		{EA980F79-45FD-4962-986D-0B71CDB6FB67}.Debug|Windows Phone (Universal).Build.0 = Debug|Any CPU
		{EA980F79-45FD-4962-986D-0B71CDB6FB67}.Debug|Windows Phone 8.ActiveCfg = Debug|Any CPU
		{EA980F79-45FD-4962-986D-0B71CDB6FB67}.Debug|Windows Phone 8.Build.0 = Debug|Any CPU
		{EA980F79-45FD-4962-986D-0B71CDB6FB67}.Debug|Windows-AnyCPU.ActiveCfg = Debug|Any CPU
		{EA980F79-45FD-4962-986D-0B71CDB6FB67}.Debug|Windows-AnyCPU.Build.0 = Debug|Any CPU
		{EA980F79-45FD-4962-986D-0B71CDB6FB67}.Debug|Windows-ARM.ActiveCfg = Debug|Any CPU
		{EA980F79-45FD-4962-986D-0B71CDB6FB67}.Debug|Windows-ARM.Build.0 = Debug|Any CPU
		{EA980F79-45FD-4962-986D-0B71CDB6FB67}.Debug|Windows-x64.ActiveCfg = Debug|Any CPU
		{EA980F79-45FD-4962-986D-0B71CDB6FB67}.Debug|Windows-x64.Build.0 = Debug|Any CPU
		{EA980F79-45FD-4962-986D-0B71CDB6FB67}.Debug|Windows-x86.ActiveCfg = Debug|Any CPU
		{EA980F79-45FD-4962-986D-0B71CDB6FB67}.Debug|Windows-x86.Build.0 = Debug|Any CPU
		{EA980F79-45FD-4962-986D-0B71CDB6FB67}.Release|Android.ActiveCfg = Release|Any CPU
		{EA980F79-45FD-4962-986D-0B71CDB6FB67}.Release|Android.Build.0 = Release|Any CPU
		{EA980F79-45FD-4962-986D-0B71CDB6FB67}.Release|Any CPU.ActiveCfg = Release|Any CPU
		{EA980F79-45FD-4962-986D-0B71CDB6FB67}.Release|Any CPU.Build.0 = Release|Any CPU
		{EA980F79-45FD-4962-986D-0B71CDB6FB67}.Release|iOS.ActiveCfg = Release|Any CPU
		{EA980F79-45FD-4962-986D-0B71CDB6FB67}.Release|iOS.Build.0 = Release|Any CPU
		{EA980F79-45FD-4962-986D-0B71CDB6FB67}.Release|Windows Phone (Universal).ActiveCfg = Release|Any CPU
		{EA980F79-45FD-4962-986D-0B71CDB6FB67}.Release|Windows Phone (Universal).Build.0 = Release|Any CPU
		{EA980F79-45FD-4962-986D-0B71CDB6FB67}.Release|Windows Phone 8.ActiveCfg = Release|Any CPU
		{EA980F79-45FD-4962-986D-0B71CDB6FB67}.Release|Windows Phone 8.Build.0 = Release|Any CPU
		{EA980F79-45FD-4962-986D-0B71CDB6FB67}.Release|Windows-AnyCPU.ActiveCfg = Release|Any CPU
		{EA980F79-45FD-4962-986D-0B71CDB6FB67}.Release|Windows-AnyCPU.Build.0 = Release|Any CPU
		{EA980F79-45FD-4962-986D-0B71CDB6FB67}.Release|Windows-ARM.ActiveCfg = Release|Any CPU
		{EA980F79-45FD-4962-986D-0B71CDB6FB67}.Release|Windows-ARM.Build.0 = Release|Any CPU
		{EA980F79-45FD-4962-986D-0B71CDB6FB67}.Release|Windows-x64.ActiveCfg = Release|Any CPU
		{EA980F79-45FD-4962-986D-0B71CDB6FB67}.Release|Windows-x64.Build.0 = Release|Any CPU
		{EA980F79-45FD-4962-986D-0B71CDB6FB67}.Release|Windows-x86.ActiveCfg = Release|Any CPU
		{EA980F79-45FD-4962-986D-0B71CDB6FB67}.Release|Windows-x86.Build.0 = Release|Any CPU
	EndGlobalSection
	GlobalSection(SolutionProperties) = preSolution
		HideSolutionNode = FALSE
	EndGlobalSection
	GlobalSection(NestedProjects) = preSolution
		{705A5AE6-FEE4-406E-A586-741080C6B877} = {70340E78-4967-44A3-9BF4-E19A5ABAD69A}
		{3E5A0D55-E41D-4EFE-A418-FA495CB02F98} = {70340E78-4967-44A3-9BF4-E19A5ABAD69A}
		{3C80FE25-6AAF-4027-AD42-4A092F5A1345} = {FB21CCE7-A19F-4EC2-93A7-D2988FAE362B}
		{9E3CA204-1770-4841-A327-69A77B299202} = {7B944F6D-59A5-45DA-B02F-65F384302D8A}
		{AF5372B8-54BF-4D77-80B4-409F456F00ED} = {7B944F6D-59A5-45DA-B02F-65F384302D8A}
		{BA8B2C4C-8AE0-4A4A-B082-B1AEA7CC80F3} = {7B944F6D-59A5-45DA-B02F-65F384302D8A}
		{EA980F79-45FD-4962-986D-0B71CDB6FB67} = {FB21CCE7-A19F-4EC2-93A7-D2988FAE362B}
	EndGlobalSection
EndGlobal
